
Microsoft Visual Studio Solution File, Format Version 12.00
# Visual Studio 14
VisualStudioVersion = 14.0.25123.0
MinimumVisualStudioVersion = 10.0.40219.1
Project("{FAE04EC0-301F-11D3-BF4B-00C04F79EFBC}") = "SFA.DAS.ProviderApprenticeshipsService.Web", "SFA.DAS.ProviderApprenticeshipsService.Web\SFA.DAS.ProviderApprenticeshipsService.Web.csproj", "{94E473E1-2217-43C3-A228-00B8BE2BE0F1}"
EndProject
Project("{FAE04EC0-301F-11D3-BF4B-00C04F79EFBC}") = "SFA.DAS.Commitments.Api", "SFA.DAS.Commitments.Api\SFA.DAS.Commitments.Api.csproj", "{3CB1D817-D35A-4EFE-8B93-5FF0FAB94F82}"
EndProject
Project("{CC5FD16D-436D-48AD-A40C-5A424C6E3E79}") = "SFA.DAS.Commitments.CloudService", "SFA.DAS.Commitments.CloudService\SFA.DAS.Commitments.CloudService.ccproj", "{3AABCD1E-260B-4333-9B7F-014F58D2F656}"
EndProject
Global
	GlobalSection(SolutionConfigurationPlatforms) = preSolution
		Debug|Any CPU = Debug|Any CPU
		Release|Any CPU = Release|Any CPU
	EndGlobalSection
	GlobalSection(ProjectConfigurationPlatforms) = postSolution
		{94E473E1-2217-43C3-A228-00B8BE2BE0F1}.Debug|Any CPU.ActiveCfg = Debug|Any CPU
		{94E473E1-2217-43C3-A228-00B8BE2BE0F1}.Debug|Any CPU.Build.0 = Debug|Any CPU
		{94E473E1-2217-43C3-A228-00B8BE2BE0F1}.Release|Any CPU.ActiveCfg = Release|Any CPU
		{94E473E1-2217-43C3-A228-00B8BE2BE0F1}.Release|Any CPU.Build.0 = Release|Any CPU
		{3CB1D817-D35A-4EFE-8B93-5FF0FAB94F82}.Debug|Any CPU.ActiveCfg = Debug|Any CPU
		{3CB1D817-D35A-4EFE-8B93-5FF0FAB94F82}.Debug|Any CPU.Build.0 = Debug|Any CPU
		{3CB1D817-D35A-4EFE-8B93-5FF0FAB94F82}.Release|Any CPU.ActiveCfg = Release|Any CPU
		{3CB1D817-D35A-4EFE-8B93-5FF0FAB94F82}.Release|Any CPU.Build.0 = Release|Any CPU
		{3AABCD1E-260B-4333-9B7F-014F58D2F656}.Debug|Any CPU.ActiveCfg = Debug|Any CPU
		{3AABCD1E-260B-4333-9B7F-014F58D2F656}.Debug|Any CPU.Build.0 = Debug|Any CPU
		{3AABCD1E-260B-4333-9B7F-014F58D2F656}.Release|Any CPU.ActiveCfg = Release|Any CPU
		{3AABCD1E-260B-4333-9B7F-014F58D2F656}.Release|Any CPU.Build.0 = Release|Any CPU
	EndGlobalSection
	GlobalSection(SolutionProperties) = preSolution
		HideSolutionNode = FALSE
	EndGlobalSection
EndGlobal
