
Microsoft Visual Studio Solution File, Format Version 12.00
# Visual Studio 14
VisualStudioVersion = 14.0.25420.1
MinimumVisualStudioVersion = 10.0.40219.1
Project("{FAE04EC0-301F-11D3-BF4B-00C04F79EFBC}") = "SFA.DAS.ProviderApprenticeshipsService.Web", "SFA.DAS.ProviderApprenticeshipsService.Web\SFA.DAS.ProviderApprenticeshipsService.Web.csproj", "{94E473E1-2217-43C3-A228-00B8BE2BE0F1}"
EndProject
Project("{FAE04EC0-301F-11D3-BF4B-00C04F79EFBC}") = "SFA.DAS.Commitments.Api", "SFA.DAS.Commitments.Api\SFA.DAS.Commitments.Api.csproj", "{3CB1D817-D35A-4EFE-8B93-5FF0FAB94F82}"
EndProject
Project("{CC5FD16D-436D-48AD-A40C-5A424C6E3E79}") = "SFA.DAS.CloudService", "SFA.DAS.Commitments.CloudService\SFA.DAS.CloudService.ccproj", "{3AABCD1E-260B-4333-9B7F-014F58D2F656}"
EndProject
Project("{FAE04EC0-301F-11D3-BF4B-00C04F79EFBC}") = "SFA.DAS.Commitments.Domain", "SFA.DAS.Commitments.Domain\SFA.DAS.Commitments.Domain.csproj", "{C4C803AF-747E-4747-A23B-DA43219009A4}"
EndProject
Project("{FAE04EC0-301F-11D3-BF4B-00C04F79EFBC}") = "SFA.DAS.Commitments.Application", "SFA.DAS.Commitments.Application\SFA.DAS.Commitments.Application.csproj", "{880CDAF6-D9EE-481B-B4D8-7DE9C215A770}"
EndProject
Project("{FAE04EC0-301F-11D3-BF4B-00C04F79EFBC}") = "SFA.DAS.Commitments.Infrastructure", "SFA.DAS.Commitments.Infrastructure\SFA.DAS.Commitments.Infrastructure.csproj", "{7C2C2688-ABF9-4A08-9FC3-BA169A5888C4}"
EndProject
Project("{00D1A9C2-B5F0-4AF3-8072-F6C62B433612}") = "SFA.DAS.Commitments.Database", "SFA.DAS.Commitments.Database\SFA.DAS.Commitments.Database.sqlproj", "{0DF27E29-35FD-4CE1-90CA-01C2A55361CD}"
EndProject
Project("{FAE04EC0-301F-11D3-BF4B-00C04F79EFBC}") = "SFA.DAS.ProviderApprenticeshipsService.Domain", "SFA.DAS.ProviderApprenticeshipsService.Domain\SFA.DAS.ProviderApprenticeshipsService.Domain.csproj", "{B3484618-78A0-411E-BC02-AC84C8694C3D}"
EndProject
Project("{FAE04EC0-301F-11D3-BF4B-00C04F79EFBC}") = "SFA.DAS.ProviderApprenticeshipsService.Infrastructure", "SFA.DAS.ProviderApprenticeshipsService.Infrastructure\SFA.DAS.ProviderApprenticeshipsService.Infrastructure.csproj", "{380868C8-FA69-4DA7-B054-45AC924EC48E}"
EndProject
Project("{FAE04EC0-301F-11D3-BF4B-00C04F79EFBC}") = "SFA.DAS.ProviderApprenticeshipsService.Application", "SFA.DAS.ProviderApprenticeshipsService.Application\SFA.DAS.ProviderApprenticeshipsService.Application.csproj", "{849E452B-2B68-445A-980C-995311311AF0}"
EndProject
Project("{FAE04EC0-301F-11D3-BF4B-00C04F79EFBC}") = "SFA.DAS.Commitments.Api.UnitTests", "SFA.DAS.Commitments.Api.UnitTests\SFA.DAS.Commitments.Api.UnitTests.csproj", "{8EDF4429-251A-416D-BB68-93F227191BCF}"
EndProject
Project("{FAE04EC0-301F-11D3-BF4B-00C04F79EFBC}") = "SFA.DAS.Commitments.Application.UnitTests", "SFA.DAS.Commitments.Application.UnitTests\SFA.DAS.Commitments.Application.UnitTests.csproj", "{C0C88789-3229-4B47-8081-16D1B5D85D9A}"
EndProject
Project("{2150E333-8FDC-42A3-9474-1A3956D46DE8}") = "Tests", "Tests", "{AEF29222-4B94-48CB-9438-78E5A6333438}"
EndProject
Project("{FAE04EC0-301F-11D3-BF4B-00C04F79EFBC}") = "SFA.DAS.Commitments.Infrastructure.UnitTests", "SFA.DAS.Commitments.Infrastructure.UnitTests\SFA.DAS.Commitments.Infrastructure.UnitTests.csproj", "{6669C64D-7DAE-47C2-A469-7636C89C0974}"
EndProject
Project("{2150E333-8FDC-42A3-9474-1A3956D46DE8}") = "Solution Items", "Solution Items", "{8EC8DEBD-332E-42CB-95AF-4230E1385B75}"
	ProjectSection(SolutionItems) = preProject
		Build.fsx = Build.fsx
		RunBuild.bat = RunBuild.bat
	EndProjectSection
EndProject
Project("{FAE04EC0-301F-11D3-BF4B-00C04F79EFBC}") = "SFA.DAS.Commitments.Api.Types", "SFA.DAS.Commitments.Api.Types\SFA.DAS.Commitments.Api.Types.csproj", "{AA3B3870-F97A-443B-8429-663DE064A8AD}"
EndProject
Project("{FAE04EC0-301F-11D3-BF4B-00C04F79EFBC}") = "SFA.DAS.Tasks.Api", "SFA.DAS.Tasks.Api\SFA.DAS.Tasks.Api.csproj", "{5382C267-118F-4EEE-B2FB-5BAB9BA50473}"
EndProject
Project("{FAE04EC0-301F-11D3-BF4B-00C04F79EFBC}") = "SFA.DAS.Tasks.Application", "SFA.DAS.Tasks.Application\SFA.DAS.Tasks.Application.csproj", "{D6AF078E-2F4B-4FD1-AA25-7564E4D141EF}"
EndProject
Project("{FAE04EC0-301F-11D3-BF4B-00C04F79EFBC}") = "SFA.DAS.Tasks.Domain", "SFA.DAS.Tasks.Domain\SFA.DAS.Tasks.Domain.csproj", "{9BBAB098-4C62-4DFC-AEEA-20A0D9BD1E2C}"
EndProject
Project("{FAE04EC0-301F-11D3-BF4B-00C04F79EFBC}") = "SFA.DAS.Tasks.Infrastructure", "SFA.DAS.Tasks.Infrastructure\SFA.DAS.Tasks.Infrastructure.csproj", "{344511D9-D336-457E-8074-589BAFECB804}"
EndProject
Project("{00D1A9C2-B5F0-4AF3-8072-F6C62B433612}") = "SFA.DAS.Tasks.Database", "SFA.DAS.Tasks.Database\SFA.DAS.Tasks.Database.sqlproj", "{C132992E-BC5D-4C0F-89C5-D29B547548B9}"
EndProject
Project("{FAE04EC0-301F-11D3-BF4B-00C04F79EFBC}") = "SFA.DAS.Commitments.Api.Client", "SFA.DAS.Commitments.Api.Client\SFA.DAS.Commitments.Api.Client.csproj", "{DEA2C098-EC17-4485-961D-A7F48720D37D}"
EndProject
Global
	GlobalSection(SolutionConfigurationPlatforms) = preSolution
		Debug|Any CPU = Debug|Any CPU
		Release|Any CPU = Release|Any CPU
	EndGlobalSection
	GlobalSection(ProjectConfigurationPlatforms) = postSolution
		{94E473E1-2217-43C3-A228-00B8BE2BE0F1}.Debug|Any CPU.ActiveCfg = Debug|Any CPU
		{94E473E1-2217-43C3-A228-00B8BE2BE0F1}.Debug|Any CPU.Build.0 = Debug|Any CPU
		{94E473E1-2217-43C3-A228-00B8BE2BE0F1}.Release|Any CPU.ActiveCfg = Release|Any CPU
		{94E473E1-2217-43C3-A228-00B8BE2BE0F1}.Release|Any CPU.Build.0 = Release|Any CPU
		{3CB1D817-D35A-4EFE-8B93-5FF0FAB94F82}.Debug|Any CPU.ActiveCfg = Debug|Any CPU
		{3CB1D817-D35A-4EFE-8B93-5FF0FAB94F82}.Debug|Any CPU.Build.0 = Debug|Any CPU
		{3CB1D817-D35A-4EFE-8B93-5FF0FAB94F82}.Release|Any CPU.ActiveCfg = Release|Any CPU
		{3CB1D817-D35A-4EFE-8B93-5FF0FAB94F82}.Release|Any CPU.Build.0 = Release|Any CPU
		{3AABCD1E-260B-4333-9B7F-014F58D2F656}.Debug|Any CPU.ActiveCfg = Debug|Any CPU
		{3AABCD1E-260B-4333-9B7F-014F58D2F656}.Debug|Any CPU.Build.0 = Debug|Any CPU
		{3AABCD1E-260B-4333-9B7F-014F58D2F656}.Release|Any CPU.ActiveCfg = Release|Any CPU
		{3AABCD1E-260B-4333-9B7F-014F58D2F656}.Release|Any CPU.Build.0 = Release|Any CPU
		{C4C803AF-747E-4747-A23B-DA43219009A4}.Debug|Any CPU.ActiveCfg = Debug|Any CPU
		{C4C803AF-747E-4747-A23B-DA43219009A4}.Debug|Any CPU.Build.0 = Debug|Any CPU
		{C4C803AF-747E-4747-A23B-DA43219009A4}.Release|Any CPU.ActiveCfg = Release|Any CPU
		{C4C803AF-747E-4747-A23B-DA43219009A4}.Release|Any CPU.Build.0 = Release|Any CPU
		{880CDAF6-D9EE-481B-B4D8-7DE9C215A770}.Debug|Any CPU.ActiveCfg = Debug|Any CPU
		{880CDAF6-D9EE-481B-B4D8-7DE9C215A770}.Debug|Any CPU.Build.0 = Debug|Any CPU
		{880CDAF6-D9EE-481B-B4D8-7DE9C215A770}.Release|Any CPU.ActiveCfg = Release|Any CPU
		{880CDAF6-D9EE-481B-B4D8-7DE9C215A770}.Release|Any CPU.Build.0 = Release|Any CPU
		{7C2C2688-ABF9-4A08-9FC3-BA169A5888C4}.Debug|Any CPU.ActiveCfg = Debug|Any CPU
		{7C2C2688-ABF9-4A08-9FC3-BA169A5888C4}.Debug|Any CPU.Build.0 = Debug|Any CPU
		{7C2C2688-ABF9-4A08-9FC3-BA169A5888C4}.Release|Any CPU.ActiveCfg = Release|Any CPU
		{7C2C2688-ABF9-4A08-9FC3-BA169A5888C4}.Release|Any CPU.Build.0 = Release|Any CPU
		{0DF27E29-35FD-4CE1-90CA-01C2A55361CD}.Debug|Any CPU.ActiveCfg = Debug|Any CPU
		{0DF27E29-35FD-4CE1-90CA-01C2A55361CD}.Debug|Any CPU.Build.0 = Debug|Any CPU
		{0DF27E29-35FD-4CE1-90CA-01C2A55361CD}.Debug|Any CPU.Deploy.0 = Debug|Any CPU
		{0DF27E29-35FD-4CE1-90CA-01C2A55361CD}.Release|Any CPU.ActiveCfg = Release|Any CPU
		{0DF27E29-35FD-4CE1-90CA-01C2A55361CD}.Release|Any CPU.Deploy.0 = Release|Any CPU
		{B3484618-78A0-411E-BC02-AC84C8694C3D}.Debug|Any CPU.ActiveCfg = Debug|Any CPU
		{B3484618-78A0-411E-BC02-AC84C8694C3D}.Debug|Any CPU.Build.0 = Debug|Any CPU
		{B3484618-78A0-411E-BC02-AC84C8694C3D}.Release|Any CPU.ActiveCfg = Release|Any CPU
		{B3484618-78A0-411E-BC02-AC84C8694C3D}.Release|Any CPU.Build.0 = Release|Any CPU
		{380868C8-FA69-4DA7-B054-45AC924EC48E}.Debug|Any CPU.ActiveCfg = Debug|Any CPU
		{380868C8-FA69-4DA7-B054-45AC924EC48E}.Debug|Any CPU.Build.0 = Debug|Any CPU
		{380868C8-FA69-4DA7-B054-45AC924EC48E}.Release|Any CPU.ActiveCfg = Release|Any CPU
		{380868C8-FA69-4DA7-B054-45AC924EC48E}.Release|Any CPU.Build.0 = Release|Any CPU
		{849E452B-2B68-445A-980C-995311311AF0}.Debug|Any CPU.ActiveCfg = Debug|Any CPU
		{849E452B-2B68-445A-980C-995311311AF0}.Debug|Any CPU.Build.0 = Debug|Any CPU
		{849E452B-2B68-445A-980C-995311311AF0}.Release|Any CPU.ActiveCfg = Release|Any CPU
		{849E452B-2B68-445A-980C-995311311AF0}.Release|Any CPU.Build.0 = Release|Any CPU
		{8EDF4429-251A-416D-BB68-93F227191BCF}.Debug|Any CPU.ActiveCfg = Debug|Any CPU
		{8EDF4429-251A-416D-BB68-93F227191BCF}.Debug|Any CPU.Build.0 = Debug|Any CPU
		{8EDF4429-251A-416D-BB68-93F227191BCF}.Release|Any CPU.ActiveCfg = Release|Any CPU
		{8EDF4429-251A-416D-BB68-93F227191BCF}.Release|Any CPU.Build.0 = Release|Any CPU
		{C0C88789-3229-4B47-8081-16D1B5D85D9A}.Debug|Any CPU.ActiveCfg = Debug|Any CPU
		{C0C88789-3229-4B47-8081-16D1B5D85D9A}.Debug|Any CPU.Build.0 = Debug|Any CPU
		{C0C88789-3229-4B47-8081-16D1B5D85D9A}.Release|Any CPU.ActiveCfg = Release|Any CPU
		{C0C88789-3229-4B47-8081-16D1B5D85D9A}.Release|Any CPU.Build.0 = Release|Any CPU
		{6669C64D-7DAE-47C2-A469-7636C89C0974}.Debug|Any CPU.ActiveCfg = Debug|Any CPU
		{6669C64D-7DAE-47C2-A469-7636C89C0974}.Debug|Any CPU.Build.0 = Debug|Any CPU
		{6669C64D-7DAE-47C2-A469-7636C89C0974}.Release|Any CPU.ActiveCfg = Release|Any CPU
		{6669C64D-7DAE-47C2-A469-7636C89C0974}.Release|Any CPU.Build.0 = Release|Any CPU
		{AA3B3870-F97A-443B-8429-663DE064A8AD}.Debug|Any CPU.ActiveCfg = Debug|Any CPU
		{AA3B3870-F97A-443B-8429-663DE064A8AD}.Debug|Any CPU.Build.0 = Debug|Any CPU
		{AA3B3870-F97A-443B-8429-663DE064A8AD}.Release|Any CPU.ActiveCfg = Release|Any CPU
		{AA3B3870-F97A-443B-8429-663DE064A8AD}.Release|Any CPU.Build.0 = Release|Any CPU
		{5382C267-118F-4EEE-B2FB-5BAB9BA50473}.Debug|Any CPU.ActiveCfg = Debug|Any CPU
		{5382C267-118F-4EEE-B2FB-5BAB9BA50473}.Debug|Any CPU.Build.0 = Debug|Any CPU
		{5382C267-118F-4EEE-B2FB-5BAB9BA50473}.Release|Any CPU.ActiveCfg = Release|Any CPU
		{5382C267-118F-4EEE-B2FB-5BAB9BA50473}.Release|Any CPU.Build.0 = Release|Any CPU
		{D6AF078E-2F4B-4FD1-AA25-7564E4D141EF}.Debug|Any CPU.ActiveCfg = Debug|Any CPU
		{D6AF078E-2F4B-4FD1-AA25-7564E4D141EF}.Debug|Any CPU.Build.0 = Debug|Any CPU
		{D6AF078E-2F4B-4FD1-AA25-7564E4D141EF}.Release|Any CPU.ActiveCfg = Release|Any CPU
		{D6AF078E-2F4B-4FD1-AA25-7564E4D141EF}.Release|Any CPU.Build.0 = Release|Any CPU
		{9BBAB098-4C62-4DFC-AEEA-20A0D9BD1E2C}.Debug|Any CPU.ActiveCfg = Debug|Any CPU
		{9BBAB098-4C62-4DFC-AEEA-20A0D9BD1E2C}.Debug|Any CPU.Build.0 = Debug|Any CPU
		{9BBAB098-4C62-4DFC-AEEA-20A0D9BD1E2C}.Release|Any CPU.ActiveCfg = Release|Any CPU
		{9BBAB098-4C62-4DFC-AEEA-20A0D9BD1E2C}.Release|Any CPU.Build.0 = Release|Any CPU
		{344511D9-D336-457E-8074-589BAFECB804}.Debug|Any CPU.ActiveCfg = Debug|Any CPU
		{344511D9-D336-457E-8074-589BAFECB804}.Debug|Any CPU.Build.0 = Debug|Any CPU
		{344511D9-D336-457E-8074-589BAFECB804}.Release|Any CPU.ActiveCfg = Release|Any CPU
		{344511D9-D336-457E-8074-589BAFECB804}.Release|Any CPU.Build.0 = Release|Any CPU
		{C132992E-BC5D-4C0F-89C5-D29B547548B9}.Debug|Any CPU.ActiveCfg = Debug|Any CPU
		{C132992E-BC5D-4C0F-89C5-D29B547548B9}.Debug|Any CPU.Build.0 = Debug|Any CPU
		{C132992E-BC5D-4C0F-89C5-D29B547548B9}.Debug|Any CPU.Deploy.0 = Debug|Any CPU
		{C132992E-BC5D-4C0F-89C5-D29B547548B9}.Release|Any CPU.ActiveCfg = Release|Any CPU
		{C132992E-BC5D-4C0F-89C5-D29B547548B9}.Release|Any CPU.Build.0 = Release|Any CPU
		{C132992E-BC5D-4C0F-89C5-D29B547548B9}.Release|Any CPU.Deploy.0 = Release|Any CPU
		{DEA2C098-EC17-4485-961D-A7F48720D37D}.Debug|Any CPU.ActiveCfg = Debug|Any CPU
		{DEA2C098-EC17-4485-961D-A7F48720D37D}.Debug|Any CPU.Build.0 = Debug|Any CPU
		{DEA2C098-EC17-4485-961D-A7F48720D37D}.Release|Any CPU.ActiveCfg = Release|Any CPU
		{DEA2C098-EC17-4485-961D-A7F48720D37D}.Release|Any CPU.Build.0 = Release|Any CPU
	EndGlobalSection
	GlobalSection(SolutionProperties) = preSolution
		HideSolutionNode = FALSE
	EndGlobalSection
	GlobalSection(NestedProjects) = preSolution
		{8EDF4429-251A-416D-BB68-93F227191BCF} = {AEF29222-4B94-48CB-9438-78E5A6333438}
		{C0C88789-3229-4B47-8081-16D1B5D85D9A} = {AEF29222-4B94-48CB-9438-78E5A6333438}
		{6669C64D-7DAE-47C2-A469-7636C89C0974} = {AEF29222-4B94-48CB-9438-78E5A6333438}
	EndGlobalSection
EndGlobal
