
Microsoft Visual Studio Solution File, Format Version 12.00
# Visual Studio Version 17
VisualStudioVersion = 17.2.32519.379
MinimumVisualStudioVersion = 10.0.40219.1
Project("{00D1A9C2-B5F0-4AF3-8072-F6C62B433612}") = "SFA.DAS.Commitments.Database", "SFA.DAS.Commitments.Database\SFA.DAS.Commitments.Database.sqlproj", "{0DF27E29-35FD-4CE1-90CA-01C2A55361CD}"
EndProject
Project("{2150E333-8FDC-42A3-9474-1A3956D46DE8}") = "Tests", "Tests", "{AEF29222-4B94-48CB-9438-78E5A6333438}"
EndProject
Project("{2150E333-8FDC-42A3-9474-1A3956D46DE8}") = "AzureConfiguration", "AzureConfiguration", "{7B1AC6BD-B43A-4BE0-9BA9-14E234C46593}"
	ProjectSection(SolutionItems) = preProject
		AzureTopicConfigurationStrucuture.json = AzureTopicConfigurationStrucuture.json
	EndProjectSection
EndProject
Project("{2150E333-8FDC-42A3-9474-1A3956D46DE8}") = "Support.Portal", "Support.Portal", "{D9FC76F9-58FC-4E31-AB23-F54D8597AA3F}"
EndProject
Project("{9A19103F-16F7-4668-BE54-9A1E7A4F7556}") = "SFA.DAS.Commitments.Support.SubSite", "SFA.DAS.Commitments.Support.SubSite\SFA.DAS.Commitments.Support.SubSite.csproj", "{9173AFD2-EE6B-40A8-825F-35FD6735A61A}"
EndProject
Project("{2150E333-8FDC-42A3-9474-1A3956D46DE8}") = "Tests", "Tests", "{8DEFE127-06E5-4CEE-9A89-5D5490A4C370}"
EndProject
Project("{2150E333-8FDC-42A3-9474-1A3956D46DE8}") = "CommitmentsV2", "CommitmentsV2", "{15A95BFE-8923-440A-8F15-5B28E9F92906}"
EndProject
Project("{2150E333-8FDC-42A3-9474-1A3956D46DE8}") = "Testing", "Testing", "{7B7AC1DE-4952-4711-B4A7-80F9202C64E1}"
EndProject
Project("{9A19103F-16F7-4668-BE54-9A1E7A4F7556}") = "SFA.DAS.CommitmentsV2.Api", "CommitmentsV2\SFA.DAS.CommitmentsV2.Api\SFA.DAS.CommitmentsV2.Api.csproj", "{D408130C-64AE-420B-8DED-CFF490DDFF16}"
EndProject
Project("{9A19103F-16F7-4668-BE54-9A1E7A4F7556}") = "SFA.DAS.CommitmentsV2.Api.Types", "CommitmentsV2\SFA.DAS.CommitmentsV2.Api.Types\SFA.DAS.CommitmentsV2.Api.Types.csproj", "{97402F20-3EA7-408A-9FE8-5B03FF0F883D}"
EndProject
Project("{9A19103F-16F7-4668-BE54-9A1E7A4F7556}") = "SFA.DAS.CommitmentsV2.Jobs", "CommitmentsV2\SFA.DAS.CommitmentsV2.Jobs\SFA.DAS.CommitmentsV2.Jobs.csproj", "{2DE78569-EB24-4F5A-A2CB-09D1D917F5A6}"
EndProject
Project("{9A19103F-16F7-4668-BE54-9A1E7A4F7556}") = "SFA.DAS.CommitmentsV2.MessageHandlers", "CommitmentsV2\SFA.DAS.CommitmentsV2.MessageHandlers\SFA.DAS.CommitmentsV2.MessageHandlers.csproj", "{52BFC6D7-995A-4BDF-BFCF-BC88C2AFD4DF}"
EndProject
Project("{9A19103F-16F7-4668-BE54-9A1E7A4F7556}") = "SFA.DAS.CommitmentsV2.Messages", "CommitmentsV2\SFA.DAS.CommitmentsV2.Messages\SFA.DAS.CommitmentsV2.Messages.csproj", "{9383C55B-196A-4C76-A546-2C190CDFB088}"
EndProject
Project("{9A19103F-16F7-4668-BE54-9A1E7A4F7556}") = "SFA.DAS.CommitmentsV2.Api.Client", "CommitmentsV2\SFA.DAS.CommitmentsV2.Api.Client\SFA.DAS.CommitmentsV2.Api.Client.csproj", "{781868BA-4C52-4E4A-8B5F-528B6591B69B}"
EndProject
Project("{9A19103F-16F7-4668-BE54-9A1E7A4F7556}") = "SFA.DAS.CommitmentsV2.UnitTests", "CommitmentsV2\SFA.DAS.CommitmentsV2.UnitTests\SFA.DAS.CommitmentsV2.UnitTests.csproj", "{2C8A062B-FABA-4B4E-9E84-4D48105C1240}"
EndProject
Project("{9A19103F-16F7-4668-BE54-9A1E7A4F7556}") = "SFA.DAS.CommitmentsV2", "CommitmentsV2\SFA.DAS.CommitmentsV2\SFA.DAS.CommitmentsV2.csproj", "{3A32C06D-87E6-4B24-98DB-AC9A530A38D0}"
EndProject
Project("{9A19103F-16F7-4668-BE54-9A1E7A4F7556}") = "SFA.DAS.CommitmentsV2.Api.IntegrationTests", "CommitmentsV2\SFA.DAS.CommitmentsV2.Api.IntegrationTests\SFA.DAS.CommitmentsV2.Api.IntegrationTests.csproj", "{96F2AB4D-E160-4CFF-9901-A3DAB90456B7}"
EndProject
Project("{9A19103F-16F7-4668-BE54-9A1E7A4F7556}") = "SFA.DAS.CommitmentsV2.Api.UnitTests", "CommitmentsV2\SFA.DAS.CommitmentsV2.Api.UnitTests\SFA.DAS.CommitmentsV2.Api.UnitTests.csproj", "{560FEACD-9CB2-4FE3-BF61-868718E5BA67}"
EndProject
Project("{9A19103F-16F7-4668-BE54-9A1E7A4F7556}") = "SFA.DAS.CommitmentsV2.Api.Client.TestHarness", "CommitmentsV2\SFA.DAS.CommitmentsV2.Api.Client.TestHarness\SFA.DAS.CommitmentsV2.Api.Client.TestHarness.csproj", "{15D6FE5C-406F-45EA-9764-96A886D7DBE8}"
EndProject
Project("{9A19103F-16F7-4668-BE54-9A1E7A4F7556}") = "SFA.DAS.CommitmentsV2.Api.Client.UnitTests", "CommitmentsV2\SFA.DAS.CommitmentsV2.Api.Client.UnitTests\SFA.DAS.CommitmentsV2.Api.Client.UnitTests.csproj", "{318E3525-41E8-4727-9F72-7EBE6325DA78}"
EndProject
Project("{9A19103F-16F7-4668-BE54-9A1E7A4F7556}") = "SFA.DAS.CommitmentsV2.MessageHandlers.UnitTests", "CommitmentsV2\SFA.DAS.CommitmentsV2.MessageHandlers.UnitTests\SFA.DAS.CommitmentsV2.MessageHandlers.UnitTests.csproj", "{F6A4182E-671B-4E4F-A240-4E80A4D6E3A3}"
EndProject
Project("{9A19103F-16F7-4668-BE54-9A1E7A4F7556}") = "SFA.DAS.CommitmentsV2.MessageHandlers.TestHarness", "CommitmentsV2\SFA.DAS.CommitmentsV2.MessageHandlers.TestHarness\SFA.DAS.CommitmentsV2.MessageHandlers.TestHarness.csproj", "{90AFD10C-13A4-4C65-97BF-FD5AEBBDA22A}"
EndProject
Project("{9A19103F-16F7-4668-BE54-9A1E7A4F7556}") = "SFA.DAS.CommitmentsV2.Host", "CommitmentsV2\SFA.DAS.CommitmentsV2.Host\SFA.DAS.CommitmentsV2.Host.csproj", "{68472C2D-8618-44DD-99E3-1112B27BD3E7}"
EndProject
Project("{9A19103F-16F7-4668-BE54-9A1E7A4F7556}") = "SFA.DAS.CommitmentsV2.Jobs.UnitTests", "CommitmentsV2\SFA.DAS.CommitmentsV2.Jobs.UnitTests\SFA.DAS.CommitmentsV2.Jobs.UnitTests.csproj", "{2A8F1D77-1AE6-4E0E-8DF4-12145D512B3D}"
EndProject
Project("{2150E333-8FDC-42A3-9474-1A3956D46DE8}") = "Certificates", "Certificates", "{8F14A807-720B-4CC3-83F7-DD78F0495F20}"
	ProjectSection(SolutionItems) = preProject
		Certificates\localhost.pfx = Certificates\localhost.pfx
	EndProjectSection
EndProject
Project("{9A19103F-16F7-4668-BE54-9A1E7A4F7556}") = "SFA.DAS.ReservationsV2.Api.Client", "CommitmentsV2\SFA.DAS.ReservationsV2.Api.Client\SFA.DAS.ReservationsV2.Api.Client.csproj", "{1C575645-72A6-4912-AB53-A58F0D28D5CD}"
EndProject
Project("{9A19103F-16F7-4668-BE54-9A1E7A4F7556}") = "SFA.DAS.CommitmentsV2.Types", "CommitmentsV2\SFA.DAS.CommitmentsV2.Types\SFA.DAS.CommitmentsV2.Types.csproj", "{3C2B457C-FBD1-494D-91D8-E0F614BBA99F}"
EndProject
Project("{9A19103F-16F7-4668-BE54-9A1E7A4F7556}") = "SFA.DAS.CommitmentsV2.TestSubscriber", "CommitmentsV2\SFA.DAS.CommitmentsV2.TestSubscriber\SFA.DAS.CommitmentsV2.TestSubscriber.csproj", "{4E922C46-4CF5-4457-BDA2-E0F2852C425A}"
EndProject
Project("{9A19103F-16F7-4668-BE54-9A1E7A4F7556}") = "SFA.DAS.ReservationsV2.Api.Client.UnitTests", "CommitmentsV2\SFA.DAS.ReservationsV2.Api.Client.UnitTests\SFA.DAS.ReservationsV2.Api.Client.UnitTests.csproj", "{CE74291A-975F-470E-BBFC-884D5215DEB2}"
EndProject
Project("{9A19103F-16F7-4668-BE54-9A1E7A4F7556}") = "SFA.DAS.CommitmentsV2.TestHelpers", "CommitmentsV2\SFA.DAS.CommitmentsV2.TestHelpers\SFA.DAS.CommitmentsV2.TestHelpers.csproj", "{CC5137EC-ACF3-4460-85E9-C280EB8EC4F5}"
EndProject
Project("{2150E333-8FDC-42A3-9474-1A3956D46DE8}") = "Notification Templates", "Notification Templates", "{46E55DE2-FF6C-4D97-8651-A62F62820290}"
EndProject
Project("{9A19103F-16F7-4668-BE54-9A1E7A4F7556}") = "SFA.DAS.CommitmentsV2.Shared", "CommitmentsV2\SFA.DAS.CommitmentsV2.Shared\SFA.DAS.CommitmentsV2.Shared.csproj", "{FE32E9B9-43DA-4B52-B14D-86BD449B265C}"
EndProject
Project("{9A19103F-16F7-4668-BE54-9A1E7A4F7556}") = "SFA.DAS.CommitmentsV2.Shared.UnitTests", "CommitmentsV2\SFA.DAS.CommitmentsV2.Shared.UnitTests\SFA.DAS.CommitmentsV2.Shared.UnitTests.csproj", "{102B4BAE-0F8B-4135-A5D0-F692C775EAF0}"
EndProject
Project("{2150E333-8FDC-42A3-9474-1A3956D46DE8}") = "Employer", "Employer", "{06B3E9C9-3956-4ACC-B28E-F1B05E88E0E9}"
	ProjectSection(SolutionItems) = preProject
		EmployerCohortApproved.txt = EmployerCohortApproved.txt
		EmployerCohortNotification.txt = EmployerCohortNotification.txt
		EmployerTransferPendingFinalApproval.txt = EmployerTransferPendingFinalApproval.txt
		SenderApprovedCommitmentEmployerNotification.txt = SenderApprovedCommitmentEmployerNotification.txt
		SenderRejectedCommitmentEmployerNotification.txt = SenderRejectedCommitmentEmployerNotification.txt
	EndProjectSection
EndProject
Project("{2150E333-8FDC-42A3-9474-1A3956D46DE8}") = "Provider", "Provider", "{03AFF74E-D0F7-4A38-8CA6-746F8F47EBC4}"
	ProjectSection(SolutionItems) = preProject
		ProviderApprenticeshipPauseNotification.txt = ProviderApprenticeshipPauseNotification.txt
		ProviderApprenticeshipResumeNotification.txt = ProviderApprenticeshipResumeNotification.txt
		SenderApprovedCommitmentProviderNotification.txt = SenderApprovedCommitmentProviderNotification.txt
		SenderRejectedCommitmentProviderNotification.txt = SenderRejectedCommitmentProviderNotification.txt
	EndProjectSection
EndProject
Project("{9A19103F-16F7-4668-BE54-9A1E7A4F7556}") = "SFA.DAS.CommitmentsV2.ExternalMessageHandlers.UnitTests", "CommitmentsV2\SFA.DAS.CommitmentsV2.ExternalMessageHandlers.UnitTests\SFA.DAS.CommitmentsV2.ExternalMessageHandlers.UnitTests.csproj", "{65BB1121-B505-45EE-B9BB-E178BC7838C3}"
EndProject
Project("{9A19103F-16F7-4668-BE54-9A1E7A4F7556}") = "SFA.DAS.CommitmentsV2.ExternalHandlers", "CommitmentsV2\SFA.DAS.CommitmentsV2.ExternalHandlers\SFA.DAS.CommitmentsV2.ExternalHandlers.csproj", "{99496856-DC05-415D-980F-9F1D6B49BC1D}"
EndProject
Project("{9A19103F-16F7-4668-BE54-9A1E7A4F7556}") = "SFA.DAS.Commitments.Database.IntegrationTests", "SFA.DAS.Commitments.Database.IntegrationTests\SFA.DAS.Commitments.Database.IntegrationTests.csproj", "{6B404E03-5F6A-467A-AAF7-3D49F13725B5}"
EndProject
Project("{2150E333-8FDC-42A3-9474-1A3956D46DE8}") = "WebJobs", "WebJobs", "{E4C27252-0B29-4E40-9F75-13B3B9E59E55}"
EndProject
Project("{9A19103F-16F7-4668-BE54-9A1E7A4F7556}") = "SFA.DAS.Commitments.Support.SubSite.UnitTests", "SFA.DAS.Commitments.Support.SubSite.UnitTests\SFA.DAS.Commitments.Support.SubSite.UnitTests.csproj", "{6376D999-B417-4BD6-B557-5C3826AB6B60}"
EndProject
Project("{9A19103F-16F7-4668-BE54-9A1E7A4F7556}") = "SFA.DAS.CommitmentsV2.Api.FakeServers", "CommitmentsV2\SFA.DAS.CommitmentsV2.Api.FakeServers\SFA.DAS.CommitmentsV2.Api.FakeServers.csproj", "{406699AD-F466-4487-8D55-63D4BEF7E41B}"
EndProject
Project("{2150E333-8FDC-42A3-9474-1A3956D46DE8}") = "MockServer", "MockServer", "{9CF15C2A-FD29-4A75-AEBD-F261DE482D31}"
EndProject
Project("{9A19103F-16F7-4668-BE54-9A1E7A4F7556}") = "SFA.DAS.Commitments.Events", "SFA.DAS.Commitments.Events\SFA.DAS.Commitments.Events.csproj", "{437547B2-1A7E-4AE9-B4B6-012EA72C5FEB}"
EndProject
Project("{9A19103F-16F7-4668-BE54-9A1E7A4F7556}") = "SFA.DAS.ReservationsV2.Api.Types", "CommitmentsV2\SFA.DAS.ReservationsV2.Api.Types\SFA.DAS.ReservationsV2.Api.Types.csproj", "{7D081406-A41B-45D3-8521-CBABC3DBD0DE}"
EndProject
Global
	GlobalSection(SolutionConfigurationPlatforms) = preSolution
		Debug|Any CPU = Debug|Any CPU
		Release|Any CPU = Release|Any CPU
	EndGlobalSection
	GlobalSection(ProjectConfigurationPlatforms) = postSolution
		{0DF27E29-35FD-4CE1-90CA-01C2A55361CD}.Debug|Any CPU.ActiveCfg = Debug|Any CPU
		{0DF27E29-35FD-4CE1-90CA-01C2A55361CD}.Debug|Any CPU.Build.0 = Debug|Any CPU
		{0DF27E29-35FD-4CE1-90CA-01C2A55361CD}.Debug|Any CPU.Deploy.0 = Debug|Any CPU
		{0DF27E29-35FD-4CE1-90CA-01C2A55361CD}.Release|Any CPU.ActiveCfg = Release|Any CPU
		{0DF27E29-35FD-4CE1-90CA-01C2A55361CD}.Release|Any CPU.Deploy.0 = Release|Any CPU
		{9173AFD2-EE6B-40A8-825F-35FD6735A61A}.Debug|Any CPU.ActiveCfg = Debug|Any CPU
		{9173AFD2-EE6B-40A8-825F-35FD6735A61A}.Debug|Any CPU.Build.0 = Debug|Any CPU
		{9173AFD2-EE6B-40A8-825F-35FD6735A61A}.Release|Any CPU.ActiveCfg = Release|Any CPU
		{9173AFD2-EE6B-40A8-825F-35FD6735A61A}.Release|Any CPU.Build.0 = Release|Any CPU
		{D408130C-64AE-420B-8DED-CFF490DDFF16}.Debug|Any CPU.ActiveCfg = Debug|Any CPU
		{D408130C-64AE-420B-8DED-CFF490DDFF16}.Debug|Any CPU.Build.0 = Debug|Any CPU
		{D408130C-64AE-420B-8DED-CFF490DDFF16}.Release|Any CPU.ActiveCfg = Release|Any CPU
		{D408130C-64AE-420B-8DED-CFF490DDFF16}.Release|Any CPU.Build.0 = Release|Any CPU
		{97402F20-3EA7-408A-9FE8-5B03FF0F883D}.Debug|Any CPU.ActiveCfg = Debug|Any CPU
		{97402F20-3EA7-408A-9FE8-5B03FF0F883D}.Debug|Any CPU.Build.0 = Debug|Any CPU
		{97402F20-3EA7-408A-9FE8-5B03FF0F883D}.Release|Any CPU.ActiveCfg = Release|Any CPU
		{97402F20-3EA7-408A-9FE8-5B03FF0F883D}.Release|Any CPU.Build.0 = Release|Any CPU
		{2DE78569-EB24-4F5A-A2CB-09D1D917F5A6}.Debug|Any CPU.ActiveCfg = Debug|Any CPU
		{2DE78569-EB24-4F5A-A2CB-09D1D917F5A6}.Debug|Any CPU.Build.0 = Debug|Any CPU
		{2DE78569-EB24-4F5A-A2CB-09D1D917F5A6}.Release|Any CPU.ActiveCfg = Release|Any CPU
		{2DE78569-EB24-4F5A-A2CB-09D1D917F5A6}.Release|Any CPU.Build.0 = Release|Any CPU
		{52BFC6D7-995A-4BDF-BFCF-BC88C2AFD4DF}.Debug|Any CPU.ActiveCfg = Debug|Any CPU
		{52BFC6D7-995A-4BDF-BFCF-BC88C2AFD4DF}.Debug|Any CPU.Build.0 = Debug|Any CPU
		{52BFC6D7-995A-4BDF-BFCF-BC88C2AFD4DF}.Release|Any CPU.ActiveCfg = Release|Any CPU
		{52BFC6D7-995A-4BDF-BFCF-BC88C2AFD4DF}.Release|Any CPU.Build.0 = Release|Any CPU
		{9383C55B-196A-4C76-A546-2C190CDFB088}.Debug|Any CPU.ActiveCfg = Debug|Any CPU
		{9383C55B-196A-4C76-A546-2C190CDFB088}.Debug|Any CPU.Build.0 = Debug|Any CPU
		{9383C55B-196A-4C76-A546-2C190CDFB088}.Release|Any CPU.ActiveCfg = Release|Any CPU
		{9383C55B-196A-4C76-A546-2C190CDFB088}.Release|Any CPU.Build.0 = Release|Any CPU
		{781868BA-4C52-4E4A-8B5F-528B6591B69B}.Debug|Any CPU.ActiveCfg = Debug|Any CPU
		{781868BA-4C52-4E4A-8B5F-528B6591B69B}.Debug|Any CPU.Build.0 = Debug|Any CPU
		{781868BA-4C52-4E4A-8B5F-528B6591B69B}.Release|Any CPU.ActiveCfg = Release|Any CPU
		{781868BA-4C52-4E4A-8B5F-528B6591B69B}.Release|Any CPU.Build.0 = Release|Any CPU
		{2C8A062B-FABA-4B4E-9E84-4D48105C1240}.Debug|Any CPU.ActiveCfg = Debug|Any CPU
		{2C8A062B-FABA-4B4E-9E84-4D48105C1240}.Debug|Any CPU.Build.0 = Debug|Any CPU
		{2C8A062B-FABA-4B4E-9E84-4D48105C1240}.Release|Any CPU.ActiveCfg = Release|Any CPU
		{2C8A062B-FABA-4B4E-9E84-4D48105C1240}.Release|Any CPU.Build.0 = Release|Any CPU
		{3A32C06D-87E6-4B24-98DB-AC9A530A38D0}.Debug|Any CPU.ActiveCfg = Debug|Any CPU
		{3A32C06D-87E6-4B24-98DB-AC9A530A38D0}.Debug|Any CPU.Build.0 = Debug|Any CPU
		{3A32C06D-87E6-4B24-98DB-AC9A530A38D0}.Release|Any CPU.ActiveCfg = Release|Any CPU
		{3A32C06D-87E6-4B24-98DB-AC9A530A38D0}.Release|Any CPU.Build.0 = Release|Any CPU
		{96F2AB4D-E160-4CFF-9901-A3DAB90456B7}.Debug|Any CPU.ActiveCfg = Debug|Any CPU
		{96F2AB4D-E160-4CFF-9901-A3DAB90456B7}.Debug|Any CPU.Build.0 = Debug|Any CPU
		{96F2AB4D-E160-4CFF-9901-A3DAB90456B7}.Release|Any CPU.ActiveCfg = Release|Any CPU
		{96F2AB4D-E160-4CFF-9901-A3DAB90456B7}.Release|Any CPU.Build.0 = Release|Any CPU
		{560FEACD-9CB2-4FE3-BF61-868718E5BA67}.Debug|Any CPU.ActiveCfg = Debug|Any CPU
		{560FEACD-9CB2-4FE3-BF61-868718E5BA67}.Debug|Any CPU.Build.0 = Debug|Any CPU
		{560FEACD-9CB2-4FE3-BF61-868718E5BA67}.Release|Any CPU.ActiveCfg = Release|Any CPU
		{560FEACD-9CB2-4FE3-BF61-868718E5BA67}.Release|Any CPU.Build.0 = Release|Any CPU
		{15D6FE5C-406F-45EA-9764-96A886D7DBE8}.Debug|Any CPU.ActiveCfg = Debug|Any CPU
		{15D6FE5C-406F-45EA-9764-96A886D7DBE8}.Debug|Any CPU.Build.0 = Debug|Any CPU
		{15D6FE5C-406F-45EA-9764-96A886D7DBE8}.Release|Any CPU.ActiveCfg = Release|Any CPU
		{15D6FE5C-406F-45EA-9764-96A886D7DBE8}.Release|Any CPU.Build.0 = Release|Any CPU
		{318E3525-41E8-4727-9F72-7EBE6325DA78}.Debug|Any CPU.ActiveCfg = Debug|Any CPU
		{318E3525-41E8-4727-9F72-7EBE6325DA78}.Debug|Any CPU.Build.0 = Debug|Any CPU
		{318E3525-41E8-4727-9F72-7EBE6325DA78}.Release|Any CPU.ActiveCfg = Release|Any CPU
		{318E3525-41E8-4727-9F72-7EBE6325DA78}.Release|Any CPU.Build.0 = Release|Any CPU
		{F6A4182E-671B-4E4F-A240-4E80A4D6E3A3}.Debug|Any CPU.ActiveCfg = Debug|Any CPU
		{F6A4182E-671B-4E4F-A240-4E80A4D6E3A3}.Debug|Any CPU.Build.0 = Debug|Any CPU
		{F6A4182E-671B-4E4F-A240-4E80A4D6E3A3}.Release|Any CPU.ActiveCfg = Release|Any CPU
		{F6A4182E-671B-4E4F-A240-4E80A4D6E3A3}.Release|Any CPU.Build.0 = Release|Any CPU
		{90AFD10C-13A4-4C65-97BF-FD5AEBBDA22A}.Debug|Any CPU.ActiveCfg = Debug|Any CPU
		{90AFD10C-13A4-4C65-97BF-FD5AEBBDA22A}.Debug|Any CPU.Build.0 = Debug|Any CPU
		{90AFD10C-13A4-4C65-97BF-FD5AEBBDA22A}.Release|Any CPU.ActiveCfg = Release|Any CPU
		{90AFD10C-13A4-4C65-97BF-FD5AEBBDA22A}.Release|Any CPU.Build.0 = Release|Any CPU
		{68472C2D-8618-44DD-99E3-1112B27BD3E7}.Debug|Any CPU.ActiveCfg = Debug|Any CPU
		{68472C2D-8618-44DD-99E3-1112B27BD3E7}.Debug|Any CPU.Build.0 = Debug|Any CPU
		{68472C2D-8618-44DD-99E3-1112B27BD3E7}.Release|Any CPU.ActiveCfg = Release|Any CPU
		{68472C2D-8618-44DD-99E3-1112B27BD3E7}.Release|Any CPU.Build.0 = Release|Any CPU
		{2A8F1D77-1AE6-4E0E-8DF4-12145D512B3D}.Debug|Any CPU.ActiveCfg = Debug|Any CPU
		{2A8F1D77-1AE6-4E0E-8DF4-12145D512B3D}.Debug|Any CPU.Build.0 = Debug|Any CPU
		{2A8F1D77-1AE6-4E0E-8DF4-12145D512B3D}.Release|Any CPU.ActiveCfg = Release|Any CPU
		{2A8F1D77-1AE6-4E0E-8DF4-12145D512B3D}.Release|Any CPU.Build.0 = Release|Any CPU
		{1C575645-72A6-4912-AB53-A58F0D28D5CD}.Debug|Any CPU.ActiveCfg = Debug|Any CPU
		{1C575645-72A6-4912-AB53-A58F0D28D5CD}.Debug|Any CPU.Build.0 = Debug|Any CPU
		{1C575645-72A6-4912-AB53-A58F0D28D5CD}.Release|Any CPU.ActiveCfg = Release|Any CPU
		{1C575645-72A6-4912-AB53-A58F0D28D5CD}.Release|Any CPU.Build.0 = Release|Any CPU
		{3C2B457C-FBD1-494D-91D8-E0F614BBA99F}.Debug|Any CPU.ActiveCfg = Debug|Any CPU
		{3C2B457C-FBD1-494D-91D8-E0F614BBA99F}.Debug|Any CPU.Build.0 = Debug|Any CPU
		{3C2B457C-FBD1-494D-91D8-E0F614BBA99F}.Release|Any CPU.ActiveCfg = Release|Any CPU
		{3C2B457C-FBD1-494D-91D8-E0F614BBA99F}.Release|Any CPU.Build.0 = Release|Any CPU
		{4E922C46-4CF5-4457-BDA2-E0F2852C425A}.Debug|Any CPU.ActiveCfg = Debug|Any CPU
		{4E922C46-4CF5-4457-BDA2-E0F2852C425A}.Debug|Any CPU.Build.0 = Debug|Any CPU
		{4E922C46-4CF5-4457-BDA2-E0F2852C425A}.Release|Any CPU.ActiveCfg = Release|Any CPU
		{4E922C46-4CF5-4457-BDA2-E0F2852C425A}.Release|Any CPU.Build.0 = Release|Any CPU
		{CE74291A-975F-470E-BBFC-884D5215DEB2}.Debug|Any CPU.ActiveCfg = Debug|Any CPU
		{CE74291A-975F-470E-BBFC-884D5215DEB2}.Debug|Any CPU.Build.0 = Debug|Any CPU
		{CE74291A-975F-470E-BBFC-884D5215DEB2}.Release|Any CPU.ActiveCfg = Release|Any CPU
		{CE74291A-975F-470E-BBFC-884D5215DEB2}.Release|Any CPU.Build.0 = Release|Any CPU
		{CC5137EC-ACF3-4460-85E9-C280EB8EC4F5}.Debug|Any CPU.ActiveCfg = Debug|Any CPU
		{CC5137EC-ACF3-4460-85E9-C280EB8EC4F5}.Debug|Any CPU.Build.0 = Debug|Any CPU
		{CC5137EC-ACF3-4460-85E9-C280EB8EC4F5}.Release|Any CPU.ActiveCfg = Release|Any CPU
		{CC5137EC-ACF3-4460-85E9-C280EB8EC4F5}.Release|Any CPU.Build.0 = Release|Any CPU
		{FE32E9B9-43DA-4B52-B14D-86BD449B265C}.Debug|Any CPU.ActiveCfg = Debug|Any CPU
		{FE32E9B9-43DA-4B52-B14D-86BD449B265C}.Debug|Any CPU.Build.0 = Debug|Any CPU
		{FE32E9B9-43DA-4B52-B14D-86BD449B265C}.Release|Any CPU.ActiveCfg = Release|Any CPU
		{FE32E9B9-43DA-4B52-B14D-86BD449B265C}.Release|Any CPU.Build.0 = Release|Any CPU
		{102B4BAE-0F8B-4135-A5D0-F692C775EAF0}.Debug|Any CPU.ActiveCfg = Debug|Any CPU
		{102B4BAE-0F8B-4135-A5D0-F692C775EAF0}.Debug|Any CPU.Build.0 = Debug|Any CPU
		{102B4BAE-0F8B-4135-A5D0-F692C775EAF0}.Release|Any CPU.ActiveCfg = Release|Any CPU
		{102B4BAE-0F8B-4135-A5D0-F692C775EAF0}.Release|Any CPU.Build.0 = Release|Any CPU
		{65BB1121-B505-45EE-B9BB-E178BC7838C3}.Debug|Any CPU.ActiveCfg = Debug|Any CPU
		{65BB1121-B505-45EE-B9BB-E178BC7838C3}.Debug|Any CPU.Build.0 = Debug|Any CPU
		{65BB1121-B505-45EE-B9BB-E178BC7838C3}.Release|Any CPU.ActiveCfg = Release|Any CPU
		{65BB1121-B505-45EE-B9BB-E178BC7838C3}.Release|Any CPU.Build.0 = Release|Any CPU
		{99496856-DC05-415D-980F-9F1D6B49BC1D}.Debug|Any CPU.ActiveCfg = Debug|Any CPU
		{99496856-DC05-415D-980F-9F1D6B49BC1D}.Debug|Any CPU.Build.0 = Debug|Any CPU
		{99496856-DC05-415D-980F-9F1D6B49BC1D}.Release|Any CPU.ActiveCfg = Release|Any CPU
		{99496856-DC05-415D-980F-9F1D6B49BC1D}.Release|Any CPU.Build.0 = Release|Any CPU
		{6B404E03-5F6A-467A-AAF7-3D49F13725B5}.Debug|Any CPU.ActiveCfg = Debug|Any CPU
		{6B404E03-5F6A-467A-AAF7-3D49F13725B5}.Debug|Any CPU.Build.0 = Debug|Any CPU
		{6B404E03-5F6A-467A-AAF7-3D49F13725B5}.Release|Any CPU.ActiveCfg = Release|Any CPU
		{6B404E03-5F6A-467A-AAF7-3D49F13725B5}.Release|Any CPU.Build.0 = Release|Any CPU
		{6376D999-B417-4BD6-B557-5C3826AB6B60}.Debug|Any CPU.ActiveCfg = Debug|Any CPU
		{6376D999-B417-4BD6-B557-5C3826AB6B60}.Debug|Any CPU.Build.0 = Debug|Any CPU
		{6376D999-B417-4BD6-B557-5C3826AB6B60}.Release|Any CPU.ActiveCfg = Release|Any CPU
		{6376D999-B417-4BD6-B557-5C3826AB6B60}.Release|Any CPU.Build.0 = Release|Any CPU
		{406699AD-F466-4487-8D55-63D4BEF7E41B}.Debug|Any CPU.ActiveCfg = Debug|Any CPU
		{406699AD-F466-4487-8D55-63D4BEF7E41B}.Debug|Any CPU.Build.0 = Debug|Any CPU
		{406699AD-F466-4487-8D55-63D4BEF7E41B}.Release|Any CPU.ActiveCfg = Release|Any CPU
		{406699AD-F466-4487-8D55-63D4BEF7E41B}.Release|Any CPU.Build.0 = Release|Any CPU
		{437547B2-1A7E-4AE9-B4B6-012EA72C5FEB}.Debug|Any CPU.ActiveCfg = Debug|Any CPU
		{437547B2-1A7E-4AE9-B4B6-012EA72C5FEB}.Debug|Any CPU.Build.0 = Debug|Any CPU
		{437547B2-1A7E-4AE9-B4B6-012EA72C5FEB}.Release|Any CPU.ActiveCfg = Release|Any CPU
		{437547B2-1A7E-4AE9-B4B6-012EA72C5FEB}.Release|Any CPU.Build.0 = Release|Any CPU
		{7D081406-A41B-45D3-8521-CBABC3DBD0DE}.Debug|Any CPU.ActiveCfg = Debug|Any CPU
		{7D081406-A41B-45D3-8521-CBABC3DBD0DE}.Debug|Any CPU.Build.0 = Debug|Any CPU
		{7D081406-A41B-45D3-8521-CBABC3DBD0DE}.Release|Any CPU.ActiveCfg = Release|Any CPU
		{7D081406-A41B-45D3-8521-CBABC3DBD0DE}.Release|Any CPU.Build.0 = Release|Any CPU
	EndGlobalSection
	GlobalSection(SolutionProperties) = preSolution
		HideSolutionNode = FALSE
	EndGlobalSection
	GlobalSection(NestedProjects) = preSolution
		{9173AFD2-EE6B-40A8-825F-35FD6735A61A} = {D9FC76F9-58FC-4E31-AB23-F54D8597AA3F}
		{8DEFE127-06E5-4CEE-9A89-5D5490A4C370} = {D9FC76F9-58FC-4E31-AB23-F54D8597AA3F}
		{7B7AC1DE-4952-4711-B4A7-80F9202C64E1} = {15A95BFE-8923-440A-8F15-5B28E9F92906}
		{D408130C-64AE-420B-8DED-CFF490DDFF16} = {15A95BFE-8923-440A-8F15-5B28E9F92906}
		{97402F20-3EA7-408A-9FE8-5B03FF0F883D} = {15A95BFE-8923-440A-8F15-5B28E9F92906}
		{2DE78569-EB24-4F5A-A2CB-09D1D917F5A6} = {E4C27252-0B29-4E40-9F75-13B3B9E59E55}
		{52BFC6D7-995A-4BDF-BFCF-BC88C2AFD4DF} = {E4C27252-0B29-4E40-9F75-13B3B9E59E55}
		{9383C55B-196A-4C76-A546-2C190CDFB088} = {15A95BFE-8923-440A-8F15-5B28E9F92906}
		{781868BA-4C52-4E4A-8B5F-528B6591B69B} = {15A95BFE-8923-440A-8F15-5B28E9F92906}
		{2C8A062B-FABA-4B4E-9E84-4D48105C1240} = {7B7AC1DE-4952-4711-B4A7-80F9202C64E1}
		{3A32C06D-87E6-4B24-98DB-AC9A530A38D0} = {15A95BFE-8923-440A-8F15-5B28E9F92906}
		{96F2AB4D-E160-4CFF-9901-A3DAB90456B7} = {7B7AC1DE-4952-4711-B4A7-80F9202C64E1}
		{560FEACD-9CB2-4FE3-BF61-868718E5BA67} = {7B7AC1DE-4952-4711-B4A7-80F9202C64E1}
		{15D6FE5C-406F-45EA-9764-96A886D7DBE8} = {7B7AC1DE-4952-4711-B4A7-80F9202C64E1}
		{318E3525-41E8-4727-9F72-7EBE6325DA78} = {7B7AC1DE-4952-4711-B4A7-80F9202C64E1}
		{F6A4182E-671B-4E4F-A240-4E80A4D6E3A3} = {7B7AC1DE-4952-4711-B4A7-80F9202C64E1}
		{90AFD10C-13A4-4C65-97BF-FD5AEBBDA22A} = {7B7AC1DE-4952-4711-B4A7-80F9202C64E1}
		{68472C2D-8618-44DD-99E3-1112B27BD3E7} = {15A95BFE-8923-440A-8F15-5B28E9F92906}
		{2A8F1D77-1AE6-4E0E-8DF4-12145D512B3D} = {7B7AC1DE-4952-4711-B4A7-80F9202C64E1}
		{1C575645-72A6-4912-AB53-A58F0D28D5CD} = {15A95BFE-8923-440A-8F15-5B28E9F92906}
		{3C2B457C-FBD1-494D-91D8-E0F614BBA99F} = {15A95BFE-8923-440A-8F15-5B28E9F92906}
		{4E922C46-4CF5-4457-BDA2-E0F2852C425A} = {7B7AC1DE-4952-4711-B4A7-80F9202C64E1}
		{CE74291A-975F-470E-BBFC-884D5215DEB2} = {7B7AC1DE-4952-4711-B4A7-80F9202C64E1}
		{CC5137EC-ACF3-4460-85E9-C280EB8EC4F5} = {7B7AC1DE-4952-4711-B4A7-80F9202C64E1}
		{FE32E9B9-43DA-4B52-B14D-86BD449B265C} = {15A95BFE-8923-440A-8F15-5B28E9F92906}
		{102B4BAE-0F8B-4135-A5D0-F692C775EAF0} = {7B7AC1DE-4952-4711-B4A7-80F9202C64E1}
		{06B3E9C9-3956-4ACC-B28E-F1B05E88E0E9} = {46E55DE2-FF6C-4D97-8651-A62F62820290}
		{03AFF74E-D0F7-4A38-8CA6-746F8F47EBC4} = {46E55DE2-FF6C-4D97-8651-A62F62820290}
		{65BB1121-B505-45EE-B9BB-E178BC7838C3} = {7B7AC1DE-4952-4711-B4A7-80F9202C64E1}
		{99496856-DC05-415D-980F-9F1D6B49BC1D} = {E4C27252-0B29-4E40-9F75-13B3B9E59E55}
		{6B404E03-5F6A-467A-AAF7-3D49F13725B5} = {AEF29222-4B94-48CB-9438-78E5A6333438}
		{E4C27252-0B29-4E40-9F75-13B3B9E59E55} = {15A95BFE-8923-440A-8F15-5B28E9F92906}
		{6376D999-B417-4BD6-B557-5C3826AB6B60} = {8DEFE127-06E5-4CEE-9A89-5D5490A4C370}
		{406699AD-F466-4487-8D55-63D4BEF7E41B} = {9CF15C2A-FD29-4A75-AEBD-F261DE482D31}
		{9CF15C2A-FD29-4A75-AEBD-F261DE482D31} = {15A95BFE-8923-440A-8F15-5B28E9F92906}
		{7D081406-A41B-45D3-8521-CBABC3DBD0DE} = {15A95BFE-8923-440A-8F15-5B28E9F92906}
	EndGlobalSection
	GlobalSection(ExtensibilityGlobals) = postSolution
		SolutionGuid = {E8BEE571-B9F3-4417-B78E-FF10B021E2AC}
	EndGlobalSection
EndGlobal
