Microsoft Visual Studio Solution File, Format Version 12.00
# Visual Studio Version 16
VisualStudioVersion = 16.0.28803.352
MinimumVisualStudioVersion = 10.0.40219.1
Project("{FAE04EC0-301F-11D3-BF4B-00C04F79EFBC}") = "SFA.DAS.Commitments.Api", "SFA.DAS.Commitments.Api\SFA.DAS.Commitments.Api.csproj", "{3CB1D817-D35A-4EFE-8B93-5FF0FAB94F82}"
EndProject
Project("{FAE04EC0-301F-11D3-BF4B-00C04F79EFBC}") = "SFA.DAS.Commitments.Domain", "SFA.DAS.Commitments.Domain\SFA.DAS.Commitments.Domain.csproj", "{C4C803AF-747E-4747-A23B-DA43219009A4}"
EndProject
Project("{FAE04EC0-301F-11D3-BF4B-00C04F79EFBC}") = "SFA.DAS.Commitments.Application", "SFA.DAS.Commitments.Application\SFA.DAS.Commitments.Application.csproj", "{880CDAF6-D9EE-481B-B4D8-7DE9C215A770}"
EndProject
Project("{FAE04EC0-301F-11D3-BF4B-00C04F79EFBC}") = "SFA.DAS.Commitments.Infrastructure", "SFA.DAS.Commitments.Infrastructure\SFA.DAS.Commitments.Infrastructure.csproj", "{7C2C2688-ABF9-4A08-9FC3-BA169A5888C4}"
EndProject
Project("{00D1A9C2-B5F0-4AF3-8072-F6C62B433612}") = "SFA.DAS.Commitments.Database", "SFA.DAS.Commitments.Database\SFA.DAS.Commitments.Database.sqlproj", "{0DF27E29-35FD-4CE1-90CA-01C2A55361CD}"
EndProject
Project("{FAE04EC0-301F-11D3-BF4B-00C04F79EFBC}") = "SFA.DAS.Commitments.Api.UnitTests", "SFA.DAS.Commitments.Api.UnitTests\SFA.DAS.Commitments.Api.UnitTests.csproj", "{8EDF4429-251A-416D-BB68-93F227191BCF}"
EndProject
Project("{FAE04EC0-301F-11D3-BF4B-00C04F79EFBC}") = "SFA.DAS.Commitments.Application.UnitTests", "SFA.DAS.Commitments.Application.UnitTests\SFA.DAS.Commitments.Application.UnitTests.csproj", "{C0C88789-3229-4B47-8081-16D1B5D85D9A}"
EndProject
Project("{2150E333-8FDC-42A3-9474-1A3956D46DE8}") = "Tests", "Tests", "{AEF29222-4B94-48CB-9438-78E5A6333438}"
EndProject
Project("{FAE04EC0-301F-11D3-BF4B-00C04F79EFBC}") = "SFA.DAS.Commitments.Infrastructure.UnitTests", "SFA.DAS.Commitments.Infrastructure.UnitTests\SFA.DAS.Commitments.Infrastructure.UnitTests.csproj", "{6669C64D-7DAE-47C2-A469-7636C89C0974}"
EndProject
Project("{FAE04EC0-301F-11D3-BF4B-00C04F79EFBC}") = "SFA.DAS.Commitments.Host.WebJob", "SFA.DAS.Commitments.Host.WebJob\SFA.DAS.Commitments.Host.WebJob.csproj", "{00F79506-1368-4A99-A8F7-D922AE0B231C}"
EndProject
Project("{FAE04EC0-301F-11D3-BF4B-00C04F79EFBC}") = "SFA.DAS.Commitments.Notification.WebJob", "SFA.DAS.Commitments.Notification.WebJob\SFA.DAS.Commitments.Notification.WebJob.csproj", "{59B9F340-4489-4942-8EA2-0DF38C4DB3B9}"
EndProject
Project("{FAE04EC0-301F-11D3-BF4B-00C04F79EFBC}") = "SFA.DAS.Commitments.Notification.WebJob.UnitTests", "SFA.DAS.Commitments.Notification.WebJob.UnitTests\SFA.DAS.Commitments.Notification.WebJob.UnitTests.csproj", "{824DD7A7-4E55-4056-846F-DE81D5AF8B9C}"
EndProject
Project("{FAE04EC0-301F-11D3-BF4B-00C04F79EFBC}") = "SFA.DAS.Commitments.Api.Client.UnitTests", "SFA.DAS.Commitments.Api.Client.UnitTests\SFA.DAS.Commitments.Api.Client.UnitTests.csproj", "{FA6C1C13-8BAB-462A-9292-6D2824BA9244}"
EndProject
Project("{FAE04EC0-301F-11D3-BF4B-00C04F79EFBC}") = "SFA.DAS.Commitments.Api.Types.UnitTests", "SFA.DAS.Commitments.Api.Types.UnitTests\SFA.DAS.Commitments.Api.Types.UnitTests.csproj", "{A4797542-57A6-465F-919B-8E613EFD7A00}"
EndProject
Project("{9A19103F-16F7-4668-BE54-9A1E7A4F7556}") = "SFA.DAS.Commitments.Api.Types", "SFA.DAS.Commitments.Api.Types\SFA.DAS.Commitments.Api.Types.csproj", "{AA3B3870-F97A-443B-8429-663DE064A8AD}"
EndProject
Project("{9A19103F-16F7-4668-BE54-9A1E7A4F7556}") = "SFA.DAS.Commitments.Api.Client", "SFA.DAS.Commitments.Api.Client\SFA.DAS.Commitments.Api.Client.csproj", "{DEA2C098-EC17-4485-961D-A7F48720D37D}"
EndProject
Project("{FAE04EC0-301F-11D3-BF4B-00C04F79EFBC}") = "SFA.DAS.Commitments.AcademicYearEndProcessor.UnitTests", "SFA.DAS.Commitments.AcademicYearEndProcessor.UnitTests\SFA.DAS.Commitments.AcademicYearEndProcessor.UnitTests.csproj", "{29173485-58C9-4310-BC16-D485E67D09AF}"
EndProject
Project("{FAE04EC0-301F-11D3-BF4B-00C04F79EFBC}") = "SFA.DAS.Commitments.AcademicYearEndProcessor.WebJob", "SFA.DAS.Commitments.AcademicYearEndProcessor.WebJob\SFA.DAS.Commitments.AcademicYearEndProcessor.WebJob.csproj", "{72DEEA89-6555-4AAB-B48B-63C050E16B95}"
EndProject
Project("{FAE04EC0-301F-11D3-BF4B-00C04F79EFBC}") = "SFA.DAS.Commitments.Events", "SFA.DAS.Commitments.Events\SFA.DAS.Commitments.Events.csproj", "{7B636FB3-F4A9-479B-A371-0E82A67B4FD2}"
EndProject
Project("{2150E333-8FDC-42A3-9474-1A3956D46DE8}") = "AzureConfiguration", "AzureConfiguration", "{7B1AC6BD-B43A-4BE0-9BA9-14E234C46593}"
	ProjectSection(SolutionItems) = preProject
		AzureTopicConfigurationStrucuture.json = AzureTopicConfigurationStrucuture.json
	EndProjectSection
EndProject
Project("{2150E333-8FDC-42A3-9474-1A3956D46DE8}") = "Support.Portal", "Support.Portal", "{D9FC76F9-58FC-4E31-AB23-F54D8597AA3F}"
EndProject
Project("{FAE04EC0-301F-11D3-BF4B-00C04F79EFBC}") = "SFA.DAS.Commitments.Support.SubSite", "SFA.DAS.Commitments.Support.SubSite\SFA.DAS.Commitments.Support.SubSite.csproj", "{9173AFD2-EE6B-40A8-825F-35FD6735A61A}"
EndProject
Project("{2150E333-8FDC-42A3-9474-1A3956D46DE8}") = "Tests", "Tests", "{8DEFE127-06E5-4CEE-9A89-5D5490A4C370}"
EndProject
Project("{FAE04EC0-301F-11D3-BF4B-00C04F79EFBC}") = "SFA.DAS.Commitments.Support.SubSite.UnitTests", "SFA.DAS.Commitments.Support.SubSite.UnitTests\SFA.DAS.Commitments.Support.SubSite.UnitTests.csproj", "{D7D3924E-48DE-495D-803D-DD0288242E16}"
EndProject
Project("{FAE04EC0-301F-11D3-BF4B-00C04F79EFBC}") = "SFA.DAS.Commitments.Api.IntegrationTests", "SFA.DAS.Commitments.Api.IntegrationTests\SFA.DAS.Commitments.Api.IntegrationTests.csproj", "{30D5D7DA-8613-45CE-8521-B4FF7F2B6100}"
EndProject
Project("{FAE04EC0-301F-11D3-BF4B-00C04F79EFBC}") = "SFA.DAS.Commitments.AddEpaToApprenticeships.WebJob", "SFA.DAS.Commitments.AddEpaToApprenticeships.WebJob\SFA.DAS.Commitments.AddEpaToApprenticeships.WebJob.csproj", "{4ED42C47-4671-4C63-B0AF-B7CEEC2F15D8}"
EndProject
Project("{FAE04EC0-301F-11D3-BF4B-00C04F79EFBC}") = "SFA.DAS.Commitments.AddEpaToApprenticeships.WebJob.UnitTests", "SFA.DAS.Commitments.AddEpaToApprenticeships.WebJob.UnitTests\SFA.DAS.Commitments.AddEpaToApprenticeships.WebJob.UnitTests.csproj", "{44EA50F0-1EBD-469F-BF64-502D236617A2}"
EndProject
Project("{2150E333-8FDC-42A3-9474-1A3956D46DE8}") = "WebJobs", "WebJobs", "{2843BBDC-578C-4D53-B466-675AABC7520F}"
EndProject
Project("{2150E333-8FDC-42A3-9474-1A3956D46DE8}") = "Testing", "Testing", "{7B7AC1DE-4952-4711-B4A7-80F9202C64E1}"
EndProject
Project("{2150E333-8FDC-42A3-9474-1A3956D46DE8}") = "Certificates", "Certificates", "{8F14A807-720B-4CC3-83F7-DD78F0495F20}"
	ProjectSection(SolutionItems) = preProject
		Certificates\localhost.pfx = Certificates\localhost.pfx
	EndProjectSection
EndProject
Project("{9A19103F-16F7-4668-BE54-9A1E7A4F7556}") = "SFA.DAS.Reservations.Api.Types", "SFA.DAS.Reservations.API.Types\SFA.DAS.Reservations.Api.Types.csproj", "{515D7191-32EC-4CE7-BEBC-444689F27591}"
EndProject
Project("{9A19103F-16F7-4668-BE54-9A1E7A4F7556}") = "SFA.DAS.Reservations.Api.Client", "SFA.DAS.Reservations.API.Client\SFA.DAS.Reservations.Api.Client.csproj", "{BFA13EE6-7663-4682-97CC-9F37090CB516}"
EndProject
Project("{9A19103F-16F7-4668-BE54-9A1E7A4F7556}") = "SFA.DAS.Reservations.Api.Types.UnitTests", "SFA.DAS.Reservations.Api.Types.UnitTests\SFA.DAS.Reservations.Api.Types.UnitTests.csproj", "{75A2AC2D-172F-4B4C-922E-504D98C5A6E7}"
EndProject
Project("{2150E333-8FDC-42A3-9474-1A3956D46DE8}") = "Notification Templates", "Notification Templates", "{46E55DE2-FF6C-4D97-8651-A62F62820290}"
EndProject
Project("{2150E333-8FDC-42A3-9474-1A3956D46DE8}") = "Employer", "Employer", "{06B3E9C9-3956-4ACC-B28E-F1B05E88E0E9}"
	ProjectSection(SolutionItems) = preProject
		EmployerCohortApproved.txt = EmployerCohortApproved.txt
		EmployerCohortNotification.txt = EmployerCohortNotification.txt
		EmployerTransferPendingFinalApproval.txt = EmployerTransferPendingFinalApproval.txt
		SenderApprovedCommitmentEmployerNotification.txt = SenderApprovedCommitmentEmployerNotification.txt
		SenderRejectedCommitmentEmployerNotification.txt = SenderRejectedCommitmentEmployerNotification.txt
	EndProjectSection
EndProject
Project("{2150E333-8FDC-42A3-9474-1A3956D46DE8}") = "Provider", "Provider", "{03AFF74E-D0F7-4A38-8CA6-746F8F47EBC4}"
	ProjectSection(SolutionItems) = preProject
		ProviderApprenticeshipPauseNotification.txt = ProviderApprenticeshipPauseNotification.txt
		ProviderApprenticeshipResumeNotification.txt = ProviderApprenticeshipResumeNotification.txt
		SenderApprovedCommitmentProviderNotification.txt = SenderApprovedCommitmentProviderNotification.txt
		SenderRejectedCommitmentProviderNotification.txt = SenderRejectedCommitmentProviderNotification.txt
	EndProjectSection
EndProject
Global
	GlobalSection(SolutionConfigurationPlatforms) = preSolution
		Debug|Any CPU = Debug|Any CPU
		Release|Any CPU = Release|Any CPU
	EndGlobalSection
	GlobalSection(ProjectConfigurationPlatforms) = postSolution
		{3CB1D817-D35A-4EFE-8B93-5FF0FAB94F82}.Debug|Any CPU.ActiveCfg = Debug|Any CPU
		{3CB1D817-D35A-4EFE-8B93-5FF0FAB94F82}.Debug|Any CPU.Build.0 = Debug|Any CPU
		{3CB1D817-D35A-4EFE-8B93-5FF0FAB94F82}.Release|Any CPU.ActiveCfg = Release|Any CPU
		{3CB1D817-D35A-4EFE-8B93-5FF0FAB94F82}.Release|Any CPU.Build.0 = Release|Any CPU
		{C4C803AF-747E-4747-A23B-DA43219009A4}.Debug|Any CPU.ActiveCfg = Debug|Any CPU
		{C4C803AF-747E-4747-A23B-DA43219009A4}.Debug|Any CPU.Build.0 = Debug|Any CPU
		{C4C803AF-747E-4747-A23B-DA43219009A4}.Release|Any CPU.ActiveCfg = Release|Any CPU
		{C4C803AF-747E-4747-A23B-DA43219009A4}.Release|Any CPU.Build.0 = Release|Any CPU
		{880CDAF6-D9EE-481B-B4D8-7DE9C215A770}.Debug|Any CPU.ActiveCfg = Debug|Any CPU
		{880CDAF6-D9EE-481B-B4D8-7DE9C215A770}.Debug|Any CPU.Build.0 = Debug|Any CPU
		{880CDAF6-D9EE-481B-B4D8-7DE9C215A770}.Release|Any CPU.ActiveCfg = Release|Any CPU
		{880CDAF6-D9EE-481B-B4D8-7DE9C215A770}.Release|Any CPU.Build.0 = Release|Any CPU
		{7C2C2688-ABF9-4A08-9FC3-BA169A5888C4}.Debug|Any CPU.ActiveCfg = Debug|Any CPU
		{7C2C2688-ABF9-4A08-9FC3-BA169A5888C4}.Debug|Any CPU.Build.0 = Debug|Any CPU
		{7C2C2688-ABF9-4A08-9FC3-BA169A5888C4}.Release|Any CPU.ActiveCfg = Release|Any CPU
		{7C2C2688-ABF9-4A08-9FC3-BA169A5888C4}.Release|Any CPU.Build.0 = Release|Any CPU
		{0DF27E29-35FD-4CE1-90CA-01C2A55361CD}.Debug|Any CPU.ActiveCfg = Debug|Any CPU
		{0DF27E29-35FD-4CE1-90CA-01C2A55361CD}.Debug|Any CPU.Build.0 = Debug|Any CPU
		{0DF27E29-35FD-4CE1-90CA-01C2A55361CD}.Debug|Any CPU.Deploy.0 = Debug|Any CPU
		{0DF27E29-35FD-4CE1-90CA-01C2A55361CD}.Release|Any CPU.ActiveCfg = Release|Any CPU
		{0DF27E29-35FD-4CE1-90CA-01C2A55361CD}.Release|Any CPU.Deploy.0 = Release|Any CPU
		{8EDF4429-251A-416D-BB68-93F227191BCF}.Debug|Any CPU.ActiveCfg = Debug|Any CPU
		{8EDF4429-251A-416D-BB68-93F227191BCF}.Debug|Any CPU.Build.0 = Debug|Any CPU
		{8EDF4429-251A-416D-BB68-93F227191BCF}.Release|Any CPU.ActiveCfg = Release|Any CPU
		{8EDF4429-251A-416D-BB68-93F227191BCF}.Release|Any CPU.Build.0 = Release|Any CPU
		{C0C88789-3229-4B47-8081-16D1B5D85D9A}.Debug|Any CPU.ActiveCfg = Debug|Any CPU
		{C0C88789-3229-4B47-8081-16D1B5D85D9A}.Debug|Any CPU.Build.0 = Debug|Any CPU
		{C0C88789-3229-4B47-8081-16D1B5D85D9A}.Release|Any CPU.ActiveCfg = Release|Any CPU
		{C0C88789-3229-4B47-8081-16D1B5D85D9A}.Release|Any CPU.Build.0 = Release|Any CPU
		{6669C64D-7DAE-47C2-A469-7636C89C0974}.Debug|Any CPU.ActiveCfg = Debug|Any CPU
		{6669C64D-7DAE-47C2-A469-7636C89C0974}.Debug|Any CPU.Build.0 = Debug|Any CPU
		{6669C64D-7DAE-47C2-A469-7636C89C0974}.Release|Any CPU.ActiveCfg = Release|Any CPU
		{6669C64D-7DAE-47C2-A469-7636C89C0974}.Release|Any CPU.Build.0 = Release|Any CPU
		{42C9280D-CDAA-45B8-9A02-EB629288798D}.Debug|Any CPU.ActiveCfg = Debug|Any CPU
		{42C9280D-CDAA-45B8-9A02-EB629288798D}.Debug|Any CPU.Build.0 = Debug|Any CPU
		{42C9280D-CDAA-45B8-9A02-EB629288798D}.Release|Any CPU.ActiveCfg = Release|Any CPU
		{42C9280D-CDAA-45B8-9A02-EB629288798D}.Release|Any CPU.Build.0 = Release|Any CPU
		{00F79506-1368-4A99-A8F7-D922AE0B231C}.Debug|Any CPU.ActiveCfg = Debug|Any CPU
		{00F79506-1368-4A99-A8F7-D922AE0B231C}.Debug|Any CPU.Build.0 = Debug|Any CPU
		{00F79506-1368-4A99-A8F7-D922AE0B231C}.Release|Any CPU.ActiveCfg = Release|Any CPU
		{00F79506-1368-4A99-A8F7-D922AE0B231C}.Release|Any CPU.Build.0 = Release|Any CPU
		{F682E16D-2919-4A26-8DF8-12C608F54E39}.Debug|Any CPU.ActiveCfg = Debug|Any CPU
		{F682E16D-2919-4A26-8DF8-12C608F54E39}.Debug|Any CPU.Build.0 = Debug|Any CPU
		{F682E16D-2919-4A26-8DF8-12C608F54E39}.Release|Any CPU.ActiveCfg = Release|Any CPU
		{F682E16D-2919-4A26-8DF8-12C608F54E39}.Release|Any CPU.Build.0 = Release|Any CPU
		{59B9F340-4489-4942-8EA2-0DF38C4DB3B9}.Debug|Any CPU.ActiveCfg = Debug|Any CPU
		{59B9F340-4489-4942-8EA2-0DF38C4DB3B9}.Debug|Any CPU.Build.0 = Debug|Any CPU
		{59B9F340-4489-4942-8EA2-0DF38C4DB3B9}.Release|Any CPU.ActiveCfg = Release|Any CPU
		{59B9F340-4489-4942-8EA2-0DF38C4DB3B9}.Release|Any CPU.Build.0 = Release|Any CPU
		{824DD7A7-4E55-4056-846F-DE81D5AF8B9C}.Debug|Any CPU.ActiveCfg = Debug|Any CPU
		{824DD7A7-4E55-4056-846F-DE81D5AF8B9C}.Debug|Any CPU.Build.0 = Debug|Any CPU
		{824DD7A7-4E55-4056-846F-DE81D5AF8B9C}.Release|Any CPU.ActiveCfg = Release|Any CPU
		{824DD7A7-4E55-4056-846F-DE81D5AF8B9C}.Release|Any CPU.Build.0 = Release|Any CPU
		{FA6C1C13-8BAB-462A-9292-6D2824BA9244}.Debug|Any CPU.ActiveCfg = Debug|Any CPU
		{FA6C1C13-8BAB-462A-9292-6D2824BA9244}.Debug|Any CPU.Build.0 = Debug|Any CPU
		{FA6C1C13-8BAB-462A-9292-6D2824BA9244}.Release|Any CPU.ActiveCfg = Release|Any CPU
		{FA6C1C13-8BAB-462A-9292-6D2824BA9244}.Release|Any CPU.Build.0 = Release|Any CPU
		{A4797542-57A6-465F-919B-8E613EFD7A00}.Debug|Any CPU.ActiveCfg = Debug|Any CPU
		{A4797542-57A6-465F-919B-8E613EFD7A00}.Debug|Any CPU.Build.0 = Debug|Any CPU
		{A4797542-57A6-465F-919B-8E613EFD7A00}.Release|Any CPU.ActiveCfg = Release|Any CPU
		{A4797542-57A6-465F-919B-8E613EFD7A00}.Release|Any CPU.Build.0 = Release|Any CPU
		{AA3B3870-F97A-443B-8429-663DE064A8AD}.Debug|Any CPU.ActiveCfg = Debug|Any CPU
		{AA3B3870-F97A-443B-8429-663DE064A8AD}.Debug|Any CPU.Build.0 = Debug|Any CPU
		{AA3B3870-F97A-443B-8429-663DE064A8AD}.Release|Any CPU.ActiveCfg = Release|Any CPU
		{AA3B3870-F97A-443B-8429-663DE064A8AD}.Release|Any CPU.Build.0 = Release|Any CPU
		{DEA2C098-EC17-4485-961D-A7F48720D37D}.Debug|Any CPU.ActiveCfg = Debug|Any CPU
		{DEA2C098-EC17-4485-961D-A7F48720D37D}.Debug|Any CPU.Build.0 = Debug|Any CPU
		{DEA2C098-EC17-4485-961D-A7F48720D37D}.Release|Any CPU.ActiveCfg = Release|Any CPU
		{DEA2C098-EC17-4485-961D-A7F48720D37D}.Release|Any CPU.Build.0 = Release|Any CPU
		{29173485-58C9-4310-BC16-D485E67D09AF}.Debug|Any CPU.ActiveCfg = Debug|Any CPU
		{29173485-58C9-4310-BC16-D485E67D09AF}.Debug|Any CPU.Build.0 = Debug|Any CPU
		{29173485-58C9-4310-BC16-D485E67D09AF}.Release|Any CPU.ActiveCfg = Release|Any CPU
		{29173485-58C9-4310-BC16-D485E67D09AF}.Release|Any CPU.Build.0 = Release|Any CPU
		{72DEEA89-6555-4AAB-B48B-63C050E16B95}.Debug|Any CPU.ActiveCfg = Debug|Any CPU
		{72DEEA89-6555-4AAB-B48B-63C050E16B95}.Debug|Any CPU.Build.0 = Debug|Any CPU
		{72DEEA89-6555-4AAB-B48B-63C050E16B95}.Release|Any CPU.ActiveCfg = Release|Any CPU
		{72DEEA89-6555-4AAB-B48B-63C050E16B95}.Release|Any CPU.Build.0 = Release|Any CPU
		{7B636FB3-F4A9-479B-A371-0E82A67B4FD2}.Debug|Any CPU.ActiveCfg = Debug|Any CPU
		{7B636FB3-F4A9-479B-A371-0E82A67B4FD2}.Debug|Any CPU.Build.0 = Debug|Any CPU
		{7B636FB3-F4A9-479B-A371-0E82A67B4FD2}.Release|Any CPU.ActiveCfg = Release|Any CPU
		{7B636FB3-F4A9-479B-A371-0E82A67B4FD2}.Release|Any CPU.Build.0 = Release|Any CPU
		{9173AFD2-EE6B-40A8-825F-35FD6735A61A}.Debug|Any CPU.ActiveCfg = Debug|Any CPU
		{9173AFD2-EE6B-40A8-825F-35FD6735A61A}.Debug|Any CPU.Build.0 = Debug|Any CPU
		{9173AFD2-EE6B-40A8-825F-35FD6735A61A}.Release|Any CPU.ActiveCfg = Release|Any CPU
		{9173AFD2-EE6B-40A8-825F-35FD6735A61A}.Release|Any CPU.Build.0 = Release|Any CPU
		{D7D3924E-48DE-495D-803D-DD0288242E16}.Debug|Any CPU.ActiveCfg = Debug|Any CPU
		{D7D3924E-48DE-495D-803D-DD0288242E16}.Debug|Any CPU.Build.0 = Debug|Any CPU
		{D7D3924E-48DE-495D-803D-DD0288242E16}.Release|Any CPU.ActiveCfg = Release|Any CPU
		{D7D3924E-48DE-495D-803D-DD0288242E16}.Release|Any CPU.Build.0 = Release|Any CPU
		{30D5D7DA-8613-45CE-8521-B4FF7F2B6100}.Debug|Any CPU.ActiveCfg = Debug|Any CPU
		{30D5D7DA-8613-45CE-8521-B4FF7F2B6100}.Debug|Any CPU.Build.0 = Debug|Any CPU
		{30D5D7DA-8613-45CE-8521-B4FF7F2B6100}.Release|Any CPU.ActiveCfg = Release|Any CPU
		{30D5D7DA-8613-45CE-8521-B4FF7F2B6100}.Release|Any CPU.Build.0 = Release|Any CPU
		{4ED42C47-4671-4C63-B0AF-B7CEEC2F15D8}.Debug|Any CPU.ActiveCfg = Debug|Any CPU
		{4ED42C47-4671-4C63-B0AF-B7CEEC2F15D8}.Debug|Any CPU.Build.0 = Debug|Any CPU
		{4ED42C47-4671-4C63-B0AF-B7CEEC2F15D8}.Release|Any CPU.ActiveCfg = Release|Any CPU
		{4ED42C47-4671-4C63-B0AF-B7CEEC2F15D8}.Release|Any CPU.Build.0 = Release|Any CPU
		{44EA50F0-1EBD-469F-BF64-502D236617A2}.Debug|Any CPU.ActiveCfg = Debug|Any CPU
		{44EA50F0-1EBD-469F-BF64-502D236617A2}.Debug|Any CPU.Build.0 = Debug|Any CPU
		{44EA50F0-1EBD-469F-BF64-502D236617A2}.Release|Any CPU.ActiveCfg = Release|Any CPU
		{44EA50F0-1EBD-469F-BF64-502D236617A2}.Release|Any CPU.Build.0 = Release|Any CPU
		{515D7191-32EC-4CE7-BEBC-444689F27591}.Debug|Any CPU.ActiveCfg = Debug|Any CPU
		{515D7191-32EC-4CE7-BEBC-444689F27591}.Debug|Any CPU.Build.0 = Debug|Any CPU
		{515D7191-32EC-4CE7-BEBC-444689F27591}.Release|Any CPU.ActiveCfg = Release|Any CPU
		{515D7191-32EC-4CE7-BEBC-444689F27591}.Release|Any CPU.Build.0 = Release|Any CPU
		{BFA13EE6-7663-4682-97CC-9F37090CB516}.Debug|Any CPU.ActiveCfg = Debug|Any CPU
		{BFA13EE6-7663-4682-97CC-9F37090CB516}.Debug|Any CPU.Build.0 = Debug|Any CPU
		{BFA13EE6-7663-4682-97CC-9F37090CB516}.Release|Any CPU.ActiveCfg = Release|Any CPU
		{BFA13EE6-7663-4682-97CC-9F37090CB516}.Release|Any CPU.Build.0 = Release|Any CPU
		{75A2AC2D-172F-4B4C-922E-504D98C5A6E7}.Debug|Any CPU.ActiveCfg = Debug|Any CPU
		{75A2AC2D-172F-4B4C-922E-504D98C5A6E7}.Debug|Any CPU.Build.0 = Debug|Any CPU
		{75A2AC2D-172F-4B4C-922E-504D98C5A6E7}.Release|Any CPU.ActiveCfg = Release|Any CPU
		{75A2AC2D-172F-4B4C-922E-504D98C5A6E7}.Release|Any CPU.Build.0 = Release|Any CPU
	EndGlobalSection
	GlobalSection(SolutionProperties) = preSolution
		HideSolutionNode = FALSE
	EndGlobalSection
	GlobalSection(NestedProjects) = preSolution
		{8EDF4429-251A-416D-BB68-93F227191BCF} = {AEF29222-4B94-48CB-9438-78E5A6333438}
		{C0C88789-3229-4B47-8081-16D1B5D85D9A} = {AEF29222-4B94-48CB-9438-78E5A6333438}
		{6669C64D-7DAE-47C2-A469-7636C89C0974} = {AEF29222-4B94-48CB-9438-78E5A6333438}
		{42C9280D-CDAA-45B8-9A02-EB629288798D} = {2843BBDC-578C-4D53-B466-675AABC7520F}
		{00F79506-1368-4A99-A8F7-D922AE0B231C} = {2843BBDC-578C-4D53-B466-675AABC7520F}
		{F682E16D-2919-4A26-8DF8-12C608F54E39} = {AEF29222-4B94-48CB-9438-78E5A6333438}
		{59B9F340-4489-4942-8EA2-0DF38C4DB3B9} = {2843BBDC-578C-4D53-B466-675AABC7520F}
		{824DD7A7-4E55-4056-846F-DE81D5AF8B9C} = {AEF29222-4B94-48CB-9438-78E5A6333438}
		{FA6C1C13-8BAB-462A-9292-6D2824BA9244} = {AEF29222-4B94-48CB-9438-78E5A6333438}
		{A4797542-57A6-465F-919B-8E613EFD7A00} = {AEF29222-4B94-48CB-9438-78E5A6333438}
		{29173485-58C9-4310-BC16-D485E67D09AF} = {AEF29222-4B94-48CB-9438-78E5A6333438}
		{72DEEA89-6555-4AAB-B48B-63C050E16B95} = {2843BBDC-578C-4D53-B466-675AABC7520F}
		{9173AFD2-EE6B-40A8-825F-35FD6735A61A} = {D9FC76F9-58FC-4E31-AB23-F54D8597AA3F}
		{8DEFE127-06E5-4CEE-9A89-5D5490A4C370} = {D9FC76F9-58FC-4E31-AB23-F54D8597AA3F}
		{D7D3924E-48DE-495D-803D-DD0288242E16} = {8DEFE127-06E5-4CEE-9A89-5D5490A4C370}
		{30D5D7DA-8613-45CE-8521-B4FF7F2B6100} = {AEF29222-4B94-48CB-9438-78E5A6333438}
		{4ED42C47-4671-4C63-B0AF-B7CEEC2F15D8} = {2843BBDC-578C-4D53-B466-675AABC7520F}
		{44EA50F0-1EBD-469F-BF64-502D236617A2} = {AEF29222-4B94-48CB-9438-78E5A6333438}
		{75A2AC2D-172F-4B4C-922E-504D98C5A6E7} = {AEF29222-4B94-48CB-9438-78E5A6333438}
		{06B3E9C9-3956-4ACC-B28E-F1B05E88E0E9} = {46E55DE2-FF6C-4D97-8651-A62F62820290}
		{03AFF74E-D0F7-4A38-8CA6-746F8F47EBC4} = {46E55DE2-FF6C-4D97-8651-A62F62820290}
	EndGlobalSection
	GlobalSection(ExtensibilityGlobals) = postSolution
		SolutionGuid = {E8BEE571-B9F3-4417-B78E-FF10B021E2AC}
	EndGlobalSection
EndGlobal
